
Microsoft Visual Studio Solution File, Format Version 12.00
# Visual Studio Version 17
VisualStudioVersion = 17.8.34330.188
MinimumVisualStudioVersion = 10.0.40219.1
Project("{FAE04EC0-301F-11D3-BF4B-00C04F79EFBC}") = "RSA_Encrypt_Decrypt", "RSA_Encrypt_Decrypt\RSA_Encrypt_Decrypt.csproj", "{04D77D6F-F832-46A1-A7A2-6022F92AD2F9}"
EndProject
Global
	GlobalSection(SolutionConfigurationPlatforms) = preSolution
		Debug|Any CPU = Debug|Any CPU
		Release|Any CPU = Release|Any CPU
	EndGlobalSection
	GlobalSection(ProjectConfigurationPlatforms) = postSolution
		{04D77D6F-F832-46A1-A7A2-6022F92AD2F9}.Debug|Any CPU.ActiveCfg = Debug|Any CPU
		{04D77D6F-F832-46A1-A7A2-6022F92AD2F9}.Debug|Any CPU.Build.0 = Debug|Any CPU
		{04D77D6F-F832-46A1-A7A2-6022F92AD2F9}.Release|Any CPU.ActiveCfg = Release|Any CPU
		{04D77D6F-F832-46A1-A7A2-6022F92AD2F9}.Release|Any CPU.Build.0 = Release|Any CPU
	EndGlobalSection
	GlobalSection(SolutionProperties) = preSolution
		HideSolutionNode = FALSE
	EndGlobalSection
	GlobalSection(ExtensibilityGlobals) = postSolution
		SolutionGuid = {A2F4A106-A125-432A-BD66-AB5DBF2C3728}
	EndGlobalSection
EndGlobal
